
Microsoft Visual Studio Solution File, Format Version 12.00
# Visual Studio Version 16
VisualStudioVersion = 16.0.28803.352
MinimumVisualStudioVersion = 10.0.40219.1
Project("{FAE04EC0-301F-11D3-BF4B-00C04F79EFBC}") = "English_", "English_\English_.csproj", "{0A4F2497-1D48-4FCF-9D10-01ED78D7D297}"
EndProject
Global
	GlobalSection(SolutionConfigurationPlatforms) = preSolution
		Debug|Any CPU = Debug|Any CPU
		Release|Any CPU = Release|Any CPU
	EndGlobalSection
	GlobalSection(ProjectConfigurationPlatforms) = postSolution
		{0A4F2497-1D48-4FCF-9D10-01ED78D7D297}.Debug|Any CPU.ActiveCfg = Debug|Any CPU
		{0A4F2497-1D48-4FCF-9D10-01ED78D7D297}.Debug|Any CPU.Build.0 = Debug|Any CPU
		{0A4F2497-1D48-4FCF-9D10-01ED78D7D297}.Release|Any CPU.ActiveCfg = Release|Any CPU
		{0A4F2497-1D48-4FCF-9D10-01ED78D7D297}.Release|Any CPU.Build.0 = Release|Any CPU
	EndGlobalSection
	GlobalSection(SolutionProperties) = preSolution
		HideSolutionNode = FALSE
	EndGlobalSection
	GlobalSection(ExtensibilityGlobals) = postSolution
		SolutionGuid = {0BCB942C-80FC-4920-8B8D-6248B37DED0A}
	EndGlobalSection
EndGlobal
